// !$*UTF8*$!
{
	archiveVersion = 1;
	classes = {
	};
	objectVersion = 77;
	objects = {

/* Begin PBXBuildFile section */
		076D2B922CE5B3630086B30B /* TimelineSDK.framework in Frameworks */ = {isa = PBXBuildFile; fileRef = 076D2B882CE5B3630086B30B /* TimelineSDK.framework */; };
		076D2B9D2CE5B3630086B30B /* TimelineSDK.framework in Frameworks */ = {isa = PBXBuildFile; fileRef = 076D2B882CE5B3630086B30B /* TimelineSDK.framework */; };
		076D2B9E2CE5B3630086B30B /* TimelineSDK.framework in Embed Frameworks */ = {isa = PBXBuildFile; fileRef = 076D2B882CE5B3630086B30B /* TimelineSDK.framework */; settings = {ATTRIBUTES = (CodeSignOnCopy, RemoveHeadersOnCopy, ); }; };
/* End PBXBuildFile section */

/* Begin PBXContainerItemProxy section */
		076D2B3B2CE4A1E50086B30B /* PBXContainerItemProxy */ = {
			isa = PBXContainerItemProxy;
			containerPortal = 076D2B222CE4A1E40086B30B /* Project object */;
			proxyType = 1;
			remoteGlobalIDString = 076D2B292CE4A1E40086B30B;
			remoteInfo = ProjectTimeline;
		};
		076D2B452CE4A1E50086B30B /* PBXContainerItemProxy */ = {
			isa = PBXContainerItemProxy;
			containerPortal = 076D2B222CE4A1E40086B30B /* Project object */;
			proxyType = 1;
			remoteGlobalIDString = 076D2B292CE4A1E40086B30B;
			remoteInfo = ProjectTimeline;
		};
		076D2B932CE5B3630086B30B /* PBXContainerItemProxy */ = {
			isa = PBXContainerItemProxy;
			containerPortal = 076D2B222CE4A1E40086B30B /* Project object */;
			proxyType = 1;
			remoteGlobalIDString = 076D2B872CE5B3630086B30B;
			remoteInfo = TimelineSDK;
		};
		076D2B952CE5B3630086B30B /* PBXContainerItemProxy */ = {
			isa = PBXContainerItemProxy;
			containerPortal = 076D2B222CE4A1E40086B30B /* Project object */;
			proxyType = 1;
			remoteGlobalIDString = 076D2B292CE4A1E40086B30B;
			remoteInfo = ProjectTimeline;
		};
		076D2B9B2CE5B3630086B30B /* PBXContainerItemProxy */ = {
			isa = PBXContainerItemProxy;
			containerPortal = 076D2B222CE4A1E40086B30B /* Project object */;
			proxyType = 1;
			remoteGlobalIDString = 076D2B872CE5B3630086B30B;
			remoteInfo = TimelineSDK;
		};
/* End PBXContainerItemProxy section */

/* Begin PBXCopyFilesBuildPhase section */
		076D2BA32CE5B3630086B30B /* Embed Frameworks */ = {
			isa = PBXCopyFilesBuildPhase;
			buildActionMask = 2147483647;
			dstPath = "";
			dstSubfolderSpec = 10;
			files = (
				076D2B9E2CE5B3630086B30B /* TimelineSDK.framework in Embed Frameworks */,
			);
			name = "Embed Frameworks";
			runOnlyForDeploymentPostprocessing = 0;
		};
/* End PBXCopyFilesBuildPhase section */

/* Begin PBXFileReference section */
		076D2B2A2CE4A1E40086B30B /* ProjectTimeline.app */ = {isa = PBXFileReference; explicitFileType = wrapper.application; includeInIndex = 0; path = ProjectTimeline.app; sourceTree = BUILT_PRODUCTS_DIR; };
		076D2B3A2CE4A1E50086B30B /* ProjectTimelineTests.xctest */ = {isa = PBXFileReference; explicitFileType = wrapper.cfbundle; includeInIndex = 0; path = ProjectTimelineTests.xctest; sourceTree = BUILT_PRODUCTS_DIR; };
		076D2B442CE4A1E50086B30B /* ProjectTimelineUITests.xctest */ = {isa = PBXFileReference; explicitFileType = wrapper.cfbundle; includeInIndex = 0; path = ProjectTimelineUITests.xctest; sourceTree = BUILT_PRODUCTS_DIR; };
		076D2B882CE5B3630086B30B /* TimelineSDK.framework */ = {isa = PBXFileReference; explicitFileType = wrapper.framework; includeInIndex = 0; path = TimelineSDK.framework; sourceTree = BUILT_PRODUCTS_DIR; };
		076D2B912CE5B3630086B30B /* TimelineSDKTests.xctest */ = {isa = PBXFileReference; explicitFileType = wrapper.cfbundle; includeInIndex = 0; path = TimelineSDKTests.xctest; sourceTree = BUILT_PRODUCTS_DIR; };
/* End PBXFileReference section */

/* Begin PBXFileSystemSynchronizedBuildFileExceptionSet section */
		076D2B9F2CE5B3630086B30B /* Exceptions for "TimelineSDK" folder in "TimelineSDK" target */ = {
			isa = PBXFileSystemSynchronizedBuildFileExceptionSet;
			publicHeaders = (
				TimelineSDK.h,
			);
			target = 076D2B872CE5B3630086B30B /* TimelineSDK */;
		};
/* End PBXFileSystemSynchronizedBuildFileExceptionSet section */

/* Begin PBXFileSystemSynchronizedRootGroup section */
		076D2B2C2CE4A1E40086B30B /* ProjectTimeline */ = {
			isa = PBXFileSystemSynchronizedRootGroup;
			path = ProjectTimeline;
			sourceTree = "<group>";
		};
		076D2B3D2CE4A1E50086B30B /* ProjectTimelineTests */ = {
			isa = PBXFileSystemSynchronizedRootGroup;
			path = ProjectTimelineTests;
			sourceTree = "<group>";
		};
		076D2B472CE4A1E50086B30B /* ProjectTimelineUITests */ = {
			isa = PBXFileSystemSynchronizedRootGroup;
			path = ProjectTimelineUITests;
			sourceTree = "<group>";
		};
		076D2B892CE5B3630086B30B /* TimelineSDK */ = {
			isa = PBXFileSystemSynchronizedRootGroup;
			exceptions = (
				076D2B9F2CE5B3630086B30B /* Exceptions for "TimelineSDK" folder in "TimelineSDK" target */,
			);
			path = TimelineSDK;
			sourceTree = "<group>";
		};
		076D2B972CE5B3630086B30B /* TimelineSDKTests */ = {
			isa = PBXFileSystemSynchronizedRootGroup;
			path = TimelineSDKTests;
			sourceTree = "<group>";
		};
/* End PBXFileSystemSynchronizedRootGroup section */

/* Begin PBXFrameworksBuildPhase section */
		076D2B272CE4A1E40086B30B /* Frameworks */ = {
			isa = PBXFrameworksBuildPhase;
			buildActionMask = 2147483647;
			files = (
				076D2B9D2CE5B3630086B30B /* TimelineSDK.framework in Frameworks */,
			);
			runOnlyForDeploymentPostprocessing = 0;
		};
		076D2B372CE4A1E50086B30B /* Frameworks */ = {
			isa = PBXFrameworksBuildPhase;
			buildActionMask = 2147483647;
			files = (
			);
			runOnlyForDeploymentPostprocessing = 0;
		};
		076D2B412CE4A1E50086B30B /* Frameworks */ = {
			isa = PBXFrameworksBuildPhase;
			buildActionMask = 2147483647;
			files = (
			);
			runOnlyForDeploymentPostprocessing = 0;
		};
		076D2B852CE5B3630086B30B /* Frameworks */ = {
			isa = PBXFrameworksBuildPhase;
			buildActionMask = 2147483647;
			files = (
			);
			runOnlyForDeploymentPostprocessing = 0;
		};
		076D2B8E2CE5B3630086B30B /* Frameworks */ = {
			isa = PBXFrameworksBuildPhase;
			buildActionMask = 2147483647;
			files = (
				076D2B922CE5B3630086B30B /* TimelineSDK.framework in Frameworks */,
			);
			runOnlyForDeploymentPostprocessing = 0;
		};
/* End PBXFrameworksBuildPhase section */

/* Begin PBXGroup section */
		076D2B212CE4A1E40086B30B = {
			isa = PBXGroup;
			children = (
				076D2B2C2CE4A1E40086B30B /* ProjectTimeline */,
				076D2B3D2CE4A1E50086B30B /* ProjectTimelineTests */,
				076D2B472CE4A1E50086B30B /* ProjectTimelineUITests */,
				076D2B892CE5B3630086B30B /* TimelineSDK */,
				076D2B972CE5B3630086B30B /* TimelineSDKTests */,
				076D2B2B2CE4A1E40086B30B /* Products */,
			);
			sourceTree = "<group>";
		};
		076D2B2B2CE4A1E40086B30B /* Products */ = {
			isa = PBXGroup;
			children = (
				076D2B2A2CE4A1E40086B30B /* ProjectTimeline.app */,
				076D2B3A2CE4A1E50086B30B /* ProjectTimelineTests.xctest */,
				076D2B442CE4A1E50086B30B /* ProjectTimelineUITests.xctest */,
				076D2B882CE5B3630086B30B /* TimelineSDK.framework */,
				076D2B912CE5B3630086B30B /* TimelineSDKTests.xctest */,
			);
			name = Products;
			sourceTree = "<group>";
		};
/* End PBXGroup section */

/* Begin PBXHeadersBuildPhase section */
		076D2B832CE5B3630086B30B /* Headers */ = {
			isa = PBXHeadersBuildPhase;
			buildActionMask = 2147483647;
			files = (
			);
			runOnlyForDeploymentPostprocessing = 0;
		};
/* End PBXHeadersBuildPhase section */

/* Begin PBXNativeTarget section */
		076D2B292CE4A1E40086B30B /* ProjectTimeline */ = {
			isa = PBXNativeTarget;
			buildConfigurationList = 076D2B4E2CE4A1E50086B30B /* Build configuration list for PBXNativeTarget "ProjectTimeline" */;
			buildPhases = (
				076D2B262CE4A1E40086B30B /* Sources */,
				076D2B272CE4A1E40086B30B /* Frameworks */,
				076D2B282CE4A1E40086B30B /* Resources */,
				076D2BA32CE5B3630086B30B /* Embed Frameworks */,
			);
			buildRules = (
			);
			dependencies = (
				076D2B9C2CE5B3630086B30B /* PBXTargetDependency */,
			);
			fileSystemSynchronizedGroups = (
				076D2B2C2CE4A1E40086B30B /* ProjectTimeline */,
			);
			name = ProjectTimeline;
			packageProductDependencies = (
			);
			productName = ProjectTimeline;
			productReference = 076D2B2A2CE4A1E40086B30B /* ProjectTimeline.app */;
			productType = "com.apple.product-type.application";
		};
		076D2B392CE4A1E50086B30B /* ProjectTimelineTests */ = {
			isa = PBXNativeTarget;
			buildConfigurationList = 076D2B512CE4A1E50086B30B /* Build configuration list for PBXNativeTarget "ProjectTimelineTests" */;
			buildPhases = (
				076D2B362CE4A1E50086B30B /* Sources */,
				076D2B372CE4A1E50086B30B /* Frameworks */,
				076D2B382CE4A1E50086B30B /* Resources */,
			);
			buildRules = (
			);
			dependencies = (
				076D2B3C2CE4A1E50086B30B /* PBXTargetDependency */,
			);
			fileSystemSynchronizedGroups = (
				076D2B3D2CE4A1E50086B30B /* ProjectTimelineTests */,
			);
			name = ProjectTimelineTests;
			packageProductDependencies = (
			);
			productName = ProjectTimelineTests;
			productReference = 076D2B3A2CE4A1E50086B30B /* ProjectTimelineTests.xctest */;
			productType = "com.apple.product-type.bundle.unit-test";
		};
		076D2B432CE4A1E50086B30B /* ProjectTimelineUITests */ = {
			isa = PBXNativeTarget;
			buildConfigurationList = 076D2B542CE4A1E50086B30B /* Build configuration list for PBXNativeTarget "ProjectTimelineUITests" */;
			buildPhases = (
				076D2B402CE4A1E50086B30B /* Sources */,
				076D2B412CE4A1E50086B30B /* Frameworks */,
				076D2B422CE4A1E50086B30B /* Resources */,
			);
			buildRules = (
			);
			dependencies = (
				076D2B462CE4A1E50086B30B /* PBXTargetDependency */,
			);
			fileSystemSynchronizedGroups = (
				076D2B472CE4A1E50086B30B /* ProjectTimelineUITests */,
			);
			name = ProjectTimelineUITests;
			packageProductDependencies = (
			);
			productName = ProjectTimelineUITests;
			productReference = 076D2B442CE4A1E50086B30B /* ProjectTimelineUITests.xctest */;
			productType = "com.apple.product-type.bundle.ui-testing";
		};
		076D2B872CE5B3630086B30B /* TimelineSDK */ = {
			isa = PBXNativeTarget;
			buildConfigurationList = 076D2BA02CE5B3630086B30B /* Build configuration list for PBXNativeTarget "TimelineSDK" */;
			buildPhases = (
				076D2B832CE5B3630086B30B /* Headers */,
				076D2B842CE5B3630086B30B /* Sources */,
				076D2B852CE5B3630086B30B /* Frameworks */,
				076D2B862CE5B3630086B30B /* Resources */,
			);
			buildRules = (
			);
			dependencies = (
			);
			fileSystemSynchronizedGroups = (
				076D2B892CE5B3630086B30B /* TimelineSDK */,
			);
			name = TimelineSDK;
			packageProductDependencies = (
			);
			productName = TimelineSDK;
			productReference = 076D2B882CE5B3630086B30B /* TimelineSDK.framework */;
			productType = "com.apple.product-type.framework";
		};
		076D2B902CE5B3630086B30B /* TimelineSDKTests */ = {
			isa = PBXNativeTarget;
			buildConfigurationList = 076D2BA42CE5B3630086B30B /* Build configuration list for PBXNativeTarget "TimelineSDKTests" */;
			buildPhases = (
				076D2B8D2CE5B3630086B30B /* Sources */,
				076D2B8E2CE5B3630086B30B /* Frameworks */,
				076D2B8F2CE5B3630086B30B /* Resources */,
			);
			buildRules = (
			);
			dependencies = (
				076D2B942CE5B3630086B30B /* PBXTargetDependency */,
				076D2B962CE5B3630086B30B /* PBXTargetDependency */,
			);
			fileSystemSynchronizedGroups = (
				076D2B972CE5B3630086B30B /* TimelineSDKTests */,
			);
			name = TimelineSDKTests;
			packageProductDependencies = (
			);
			productName = TimelineSDKTests;
			productReference = 076D2B912CE5B3630086B30B /* TimelineSDKTests.xctest */;
			productType = "com.apple.product-type.bundle.unit-test";
		};
/* End PBXNativeTarget section */

/* Begin PBXProject section */
		076D2B222CE4A1E40086B30B /* Project object */ = {
			isa = PBXProject;
			attributes = {
				BuildIndependentTargetsInParallel = 1;
				LastSwiftUpdateCheck = 1610;
				LastUpgradeCheck = 1610;
				TargetAttributes = {
					076D2B292CE4A1E40086B30B = {
						CreatedOnToolsVersion = 16.1;
					};
					076D2B392CE4A1E50086B30B = {
						CreatedOnToolsVersion = 16.1;
						TestTargetID = 076D2B292CE4A1E40086B30B;
					};
					076D2B432CE4A1E50086B30B = {
						CreatedOnToolsVersion = 16.1;
						TestTargetID = 076D2B292CE4A1E40086B30B;
					};
					076D2B872CE5B3630086B30B = {
						CreatedOnToolsVersion = 16.1;
					};
					076D2B902CE5B3630086B30B = {
						CreatedOnToolsVersion = 16.1;
						TestTargetID = 076D2B292CE4A1E40086B30B;
					};
				};
			};
			buildConfigurationList = 076D2B252CE4A1E40086B30B /* Build configuration list for PBXProject "ProjectTimeline" */;
			developmentRegion = en;
			hasScannedForEncodings = 0;
			knownRegions = (
				en,
				Base,
			);
			mainGroup = 076D2B212CE4A1E40086B30B;
			minimizedProjectReferenceProxies = 1;
			preferredProjectObjectVersion = 77;
			productRefGroup = 076D2B2B2CE4A1E40086B30B /* Products */;
			projectDirPath = "";
			projectRoot = "";
			targets = (
				076D2B292CE4A1E40086B30B /* ProjectTimeline */,
				076D2B392CE4A1E50086B30B /* ProjectTimelineTests */,
				076D2B432CE4A1E50086B30B /* ProjectTimelineUITests */,
				076D2B872CE5B3630086B30B /* TimelineSDK */,
				076D2B902CE5B3630086B30B /* TimelineSDKTests */,
			);
		};
/* End PBXProject section */

/* Begin PBXResourcesBuildPhase section */
		076D2B282CE4A1E40086B30B /* Resources */ = {
			isa = PBXResourcesBuildPhase;
			buildActionMask = 2147483647;
			files = (
			);
			runOnlyForDeploymentPostprocessing = 0;
		};
		076D2B382CE4A1E50086B30B /* Resources */ = {
			isa = PBXResourcesBuildPhase;
			buildActionMask = 2147483647;
			files = (
			);
			runOnlyForDeploymentPostprocessing = 0;
		};
		076D2B422CE4A1E50086B30B /* Resources */ = {
			isa = PBXResourcesBuildPhase;
			buildActionMask = 2147483647;
			files = (
			);
			runOnlyForDeploymentPostprocessing = 0;
		};
		076D2B862CE5B3630086B30B /* Resources */ = {
			isa = PBXResourcesBuildPhase;
			buildActionMask = 2147483647;
			files = (
			);
			runOnlyForDeploymentPostprocessing = 0;
		};
		076D2B8F2CE5B3630086B30B /* Resources */ = {
			isa = PBXResourcesBuildPhase;
			buildActionMask = 2147483647;
			files = (
			);
			runOnlyForDeploymentPostprocessing = 0;
		};
/* End PBXResourcesBuildPhase section */

/* Begin PBXSourcesBuildPhase section */
		076D2B262CE4A1E40086B30B /* Sources */ = {
			isa = PBXSourcesBuildPhase;
			buildActionMask = 2147483647;
			files = (
			);
			runOnlyForDeploymentPostprocessing = 0;
		};
		076D2B362CE4A1E50086B30B /* Sources */ = {
			isa = PBXSourcesBuildPhase;
			buildActionMask = 2147483647;
			files = (
			);
			runOnlyForDeploymentPostprocessing = 0;
		};
		076D2B402CE4A1E50086B30B /* Sources */ = {
			isa = PBXSourcesBuildPhase;
			buildActionMask = 2147483647;
			files = (
			);
			runOnlyForDeploymentPostprocessing = 0;
		};
		076D2B842CE5B3630086B30B /* Sources */ = {
			isa = PBXSourcesBuildPhase;
			buildActionMask = 2147483647;
			files = (
			);
			runOnlyForDeploymentPostprocessing = 0;
		};
		076D2B8D2CE5B3630086B30B /* Sources */ = {
			isa = PBXSourcesBuildPhase;
			buildActionMask = 2147483647;
			files = (
			);
			runOnlyForDeploymentPostprocessing = 0;
		};
/* End PBXSourcesBuildPhase section */

/* Begin PBXTargetDependency section */
		076D2B3C2CE4A1E50086B30B /* PBXTargetDependency */ = {
			isa = PBXTargetDependency;
			target = 076D2B292CE4A1E40086B30B /* ProjectTimeline */;
			targetProxy = 076D2B3B2CE4A1E50086B30B /* PBXContainerItemProxy */;
		};
		076D2B462CE4A1E50086B30B /* PBXTargetDependency */ = {
			isa = PBXTargetDependency;
			target = 076D2B292CE4A1E40086B30B /* ProjectTimeline */;
			targetProxy = 076D2B452CE4A1E50086B30B /* PBXContainerItemProxy */;
		};
		076D2B942CE5B3630086B30B /* PBXTargetDependency */ = {
			isa = PBXTargetDependency;
			target = 076D2B872CE5B3630086B30B /* TimelineSDK */;
			targetProxy = 076D2B932CE5B3630086B30B /* PBXContainerItemProxy */;
		};
		076D2B962CE5B3630086B30B /* PBXTargetDependency */ = {
			isa = PBXTargetDependency;
			target = 076D2B292CE4A1E40086B30B /* ProjectTimeline */;
			targetProxy = 076D2B952CE5B3630086B30B /* PBXContainerItemProxy */;
		};
		076D2B9C2CE5B3630086B30B /* PBXTargetDependency */ = {
			isa = PBXTargetDependency;
			target = 076D2B872CE5B3630086B30B /* TimelineSDK */;
			targetProxy = 076D2B9B2CE5B3630086B30B /* PBXContainerItemProxy */;
		};
/* End PBXTargetDependency section */

/* Begin XCBuildConfiguration section */
		076D2B4C2CE4A1E50086B30B /* Debug */ = {
			isa = XCBuildConfiguration;
			buildSettings = {
				ALWAYS_SEARCH_USER_PATHS = NO;
				ASSETCATALOG_COMPILER_GENERATE_SWIFT_ASSET_SYMBOL_EXTENSIONS = YES;
				CLANG_ANALYZER_NONNULL = YES;
				CLANG_ANALYZER_NUMBER_OBJECT_CONVERSION = YES_AGGRESSIVE;
				CLANG_CXX_LANGUAGE_STANDARD = "gnu++20";
				CLANG_ENABLE_MODULES = YES;
				CLANG_ENABLE_OBJC_ARC = YES;
				CLANG_ENABLE_OBJC_WEAK = YES;
				CLANG_WARN_BLOCK_CAPTURE_AUTORELEASING = YES;
				CLANG_WARN_BOOL_CONVERSION = YES;
				CLANG_WARN_COMMA = YES;
				CLANG_WARN_CONSTANT_CONVERSION = YES;
				CLANG_WARN_DEPRECATED_OBJC_IMPLEMENTATIONS = YES;
				CLANG_WARN_DIRECT_OBJC_ISA_USAGE = YES_ERROR;
				CLANG_WARN_DOCUMENTATION_COMMENTS = YES;
				CLANG_WARN_EMPTY_BODY = YES;
				CLANG_WARN_ENUM_CONVERSION = YES;
				CLANG_WARN_INFINITE_RECURSION = YES;
				CLANG_WARN_INT_CONVERSION = YES;
				CLANG_WARN_NON_LITERAL_NULL_CONVERSION = YES;
				CLANG_WARN_OBJC_IMPLICIT_RETAIN_SELF = YES;
				CLANG_WARN_OBJC_LITERAL_CONVERSION = YES;
				CLANG_WARN_OBJC_ROOT_CLASS = YES_ERROR;
				CLANG_WARN_QUOTED_INCLUDE_IN_FRAMEWORK_HEADER = YES;
				CLANG_WARN_RANGE_LOOP_ANALYSIS = YES;
				CLANG_WARN_STRICT_PROTOTYPES = YES;
				CLANG_WARN_SUSPICIOUS_MOVE = YES;
				CLANG_WARN_UNGUARDED_AVAILABILITY = YES_AGGRESSIVE;
				CLANG_WARN_UNREACHABLE_CODE = YES;
				CLANG_WARN__DUPLICATE_METHOD_MATCH = YES;
				COPY_PHASE_STRIP = NO;
				DEBUG_INFORMATION_FORMAT = dwarf;
				ENABLE_STRICT_OBJC_MSGSEND = YES;
				ENABLE_TESTABILITY = YES;
				ENABLE_USER_SCRIPT_SANDBOXING = YES;
				GCC_C_LANGUAGE_STANDARD = gnu17;
				GCC_DYNAMIC_NO_PIC = NO;
				GCC_NO_COMMON_BLOCKS = YES;
				GCC_OPTIMIZATION_LEVEL = 0;
				GCC_PREPROCESSOR_DEFINITIONS = (
					"DEBUG=1",
					"$(inherited)",
				);
				GCC_WARN_64_TO_32_BIT_CONVERSION = YES;
				GCC_WARN_ABOUT_RETURN_TYPE = YES_ERROR;
				GCC_WARN_UNDECLARED_SELECTOR = YES;
				GCC_WARN_UNINITIALIZED_AUTOS = YES_AGGRESSIVE;
				GCC_WARN_UNUSED_FUNCTION = YES;
				GCC_WARN_UNUSED_VARIABLE = YES;
				IPHONEOS_DEPLOYMENT_TARGET = 18.1;
				LOCALIZATION_PREFERS_STRING_CATALOGS = YES;
				MTL_ENABLE_DEBUG_INFO = INCLUDE_SOURCE;
				MTL_FAST_MATH = YES;
				ONLY_ACTIVE_ARCH = YES;
				SDKROOT = iphoneos;
				SWIFT_ACTIVE_COMPILATION_CONDITIONS = "DEBUG $(inherited)";
				SWIFT_OPTIMIZATION_LEVEL = "-Onone";
			};
			name = Debug;
		};
		076D2B4D2CE4A1E50086B30B /* Release */ = {
			isa = XCBuildConfiguration;
			buildSettings = {
				ALWAYS_SEARCH_USER_PATHS = NO;
				ASSETCATALOG_COMPILER_GENERATE_SWIFT_ASSET_SYMBOL_EXTENSIONS = YES;
				CLANG_ANALYZER_NONNULL = YES;
				CLANG_ANALYZER_NUMBER_OBJECT_CONVERSION = YES_AGGRESSIVE;
				CLANG_CXX_LANGUAGE_STANDARD = "gnu++20";
				CLANG_ENABLE_MODULES = YES;
				CLANG_ENABLE_OBJC_ARC = YES;
				CLANG_ENABLE_OBJC_WEAK = YES;
				CLANG_WARN_BLOCK_CAPTURE_AUTORELEASING = YES;
				CLANG_WARN_BOOL_CONVERSION = YES;
				CLANG_WARN_COMMA = YES;
				CLANG_WARN_CONSTANT_CONVERSION = YES;
				CLANG_WARN_DEPRECATED_OBJC_IMPLEMENTATIONS = YES;
				CLANG_WARN_DIRECT_OBJC_ISA_USAGE = YES_ERROR;
				CLANG_WARN_DOCUMENTATION_COMMENTS = YES;
				CLANG_WARN_EMPTY_BODY = YES;
				CLANG_WARN_ENUM_CONVERSION = YES;
				CLANG_WARN_INFINITE_RECURSION = YES;
				CLANG_WARN_INT_CONVERSION = YES;
				CLANG_WARN_NON_LITERAL_NULL_CONVERSION = YES;
				CLANG_WARN_OBJC_IMPLICIT_RETAIN_SELF = YES;
				CLANG_WARN_OBJC_LITERAL_CONVERSION = YES;
				CLANG_WARN_OBJC_ROOT_CLASS = YES_ERROR;
				CLANG_WARN_QUOTED_INCLUDE_IN_FRAMEWORK_HEADER = YES;
				CLANG_WARN_RANGE_LOOP_ANALYSIS = YES;
				CLANG_WARN_STRICT_PROTOTYPES = YES;
				CLANG_WARN_SUSPICIOUS_MOVE = YES;
				CLANG_WARN_UNGUARDED_AVAILABILITY = YES_AGGRESSIVE;
				CLANG_WARN_UNREACHABLE_CODE = YES;
				CLANG_WARN__DUPLICATE_METHOD_MATCH = YES;
				COPY_PHASE_STRIP = NO;
				DEBUG_INFORMATION_FORMAT = "dwarf-with-dsym";
				ENABLE_NS_ASSERTIONS = NO;
				ENABLE_STRICT_OBJC_MSGSEND = YES;
				ENABLE_USER_SCRIPT_SANDBOXING = YES;
				GCC_C_LANGUAGE_STANDARD = gnu17;
				GCC_NO_COMMON_BLOCKS = YES;
				GCC_WARN_64_TO_32_BIT_CONVERSION = YES;
				GCC_WARN_ABOUT_RETURN_TYPE = YES_ERROR;
				GCC_WARN_UNDECLARED_SELECTOR = YES;
				GCC_WARN_UNINITIALIZED_AUTOS = YES_AGGRESSIVE;
				GCC_WARN_UNUSED_FUNCTION = YES;
				GCC_WARN_UNUSED_VARIABLE = YES;
				IPHONEOS_DEPLOYMENT_TARGET = 18.1;
				LOCALIZATION_PREFERS_STRING_CATALOGS = YES;
				MTL_ENABLE_DEBUG_INFO = NO;
				MTL_FAST_MATH = YES;
				SDKROOT = iphoneos;
				SWIFT_COMPILATION_MODE = wholemodule;
				VALIDATE_PRODUCT = YES;
			};
			name = Release;
		};
		076D2B4F2CE4A1E50086B30B /* Debug */ = {
			isa = XCBuildConfiguration;
			buildSettings = {
				ASSETCATALOG_COMPILER_APPICON_NAME = AppIcon;
				ASSETCATALOG_COMPILER_GLOBAL_ACCENT_COLOR_NAME = AccentColor;
				CODE_SIGN_STYLE = Automatic;
				CURRENT_PROJECT_VERSION = 1;
				DEVELOPMENT_ASSET_PATHS = "\"ProjectTimeline/Preview Content\"";
				DEVELOPMENT_TEAM = NLM7SY7FHH;
				ENABLE_PREVIEWS = YES;
				GENERATE_INFOPLIST_FILE = YES;
				INFOPLIST_KEY_UIApplicationSceneManifest_Generation = YES;
				INFOPLIST_KEY_UIApplicationSupportsIndirectInputEvents = YES;
				INFOPLIST_KEY_UILaunchScreen_Generation = YES;
				INFOPLIST_KEY_UISupportedInterfaceOrientations_iPad = "UIInterfaceOrientationPortrait UIInterfaceOrientationPortraitUpsideDown UIInterfaceOrientationLandscapeLeft UIInterfaceOrientationLandscapeRight";
				INFOPLIST_KEY_UISupportedInterfaceOrientations_iPhone = "UIInterfaceOrientationPortrait UIInterfaceOrientationLandscapeLeft UIInterfaceOrientationLandscapeRight";
				LD_RUNPATH_SEARCH_PATHS = (
					"$(inherited)",
					"@executable_path/Frameworks",
				);
				MARKETING_VERSION = 1.0;
				PRODUCT_BUNDLE_IDENTIFIER = com.inez.ProjectTimeline;
				PRODUCT_NAME = "$(TARGET_NAME)";
				SWIFT_EMIT_LOC_STRINGS = YES;
				SWIFT_VERSION = 5.0;
				TARGETED_DEVICE_FAMILY = "1,2";
			};
			name = Debug;
		};
		076D2B502CE4A1E50086B30B /* Release */ = {
			isa = XCBuildConfiguration;
			buildSettings = {
				ASSETCATALOG_COMPILER_APPICON_NAME = AppIcon;
				ASSETCATALOG_COMPILER_GLOBAL_ACCENT_COLOR_NAME = AccentColor;
				CODE_SIGN_STYLE = Automatic;
				CURRENT_PROJECT_VERSION = 1;
				DEVELOPMENT_ASSET_PATHS = "\"ProjectTimeline/Preview Content\"";
				DEVELOPMENT_TEAM = NLM7SY7FHH;
				ENABLE_PREVIEWS = YES;
				GENERATE_INFOPLIST_FILE = YES;
				INFOPLIST_KEY_UIApplicationSceneManifest_Generation = YES;
				INFOPLIST_KEY_UIApplicationSupportsIndirectInputEvents = YES;
				INFOPLIST_KEY_UILaunchScreen_Generation = YES;
				INFOPLIST_KEY_UISupportedInterfaceOrientations_iPad = "UIInterfaceOrientationPortrait UIInterfaceOrientationPortraitUpsideDown UIInterfaceOrientationLandscapeLeft UIInterfaceOrientationLandscapeRight";
				INFOPLIST_KEY_UISupportedInterfaceOrientations_iPhone = "UIInterfaceOrientationPortrait UIInterfaceOrientationLandscapeLeft UIInterfaceOrientationLandscapeRight";
				LD_RUNPATH_SEARCH_PATHS = (
					"$(inherited)",
					"@executable_path/Frameworks",
				);
				MARKETING_VERSION = 1.0;
				PRODUCT_BUNDLE_IDENTIFIER = com.inez.ProjectTimeline;
				PRODUCT_NAME = "$(TARGET_NAME)";
				SWIFT_EMIT_LOC_STRINGS = YES;
				SWIFT_VERSION = 5.0;
				TARGETED_DEVICE_FAMILY = "1,2";
			};
			name = Release;
		};
		076D2B522CE4A1E50086B30B /* Debug */ = {
			isa = XCBuildConfiguration;
			buildSettings = {
				BUNDLE_LOADER = "$(TEST_HOST)";
				CODE_SIGN_STYLE = Automatic;
				CURRENT_PROJECT_VERSION = 1;
				DEVELOPMENT_TEAM = NLM7SY7FHH;
				GENERATE_INFOPLIST_FILE = YES;
				IPHONEOS_DEPLOYMENT_TARGET = 18.1;
				MARKETING_VERSION = 1.0;
				PRODUCT_BUNDLE_IDENTIFIER = com.inez.ProjectTimelineTests;
				PRODUCT_NAME = "$(TARGET_NAME)";
				SWIFT_EMIT_LOC_STRINGS = NO;
				SWIFT_VERSION = 5.0;
				TARGETED_DEVICE_FAMILY = "1,2";
				TEST_HOST = "$(BUILT_PRODUCTS_DIR)/ProjectTimeline.app/$(BUNDLE_EXECUTABLE_FOLDER_PATH)/ProjectTimeline";
			};
			name = Debug;
		};
		076D2B532CE4A1E50086B30B /* Release */ = {
			isa = XCBuildConfiguration;
			buildSettings = {
				BUNDLE_LOADER = "$(TEST_HOST)";
				CODE_SIGN_STYLE = Automatic;
				CURRENT_PROJECT_VERSION = 1;
				DEVELOPMENT_TEAM = NLM7SY7FHH;
				GENERATE_INFOPLIST_FILE = YES;
				IPHONEOS_DEPLOYMENT_TARGET = 18.1;
				MARKETING_VERSION = 1.0;
				PRODUCT_BUNDLE_IDENTIFIER = com.inez.ProjectTimelineTests;
				PRODUCT_NAME = "$(TARGET_NAME)";
				SWIFT_EMIT_LOC_STRINGS = NO;
				SWIFT_VERSION = 5.0;
				TARGETED_DEVICE_FAMILY = "1,2";
				TEST_HOST = "$(BUILT_PRODUCTS_DIR)/ProjectTimeline.app/$(BUNDLE_EXECUTABLE_FOLDER_PATH)/ProjectTimeline";
			};
			name = Release;
		};
		076D2B552CE4A1E50086B30B /* Debug */ = {
			isa = XCBuildConfiguration;
			buildSettings = {
				CODE_SIGN_STYLE = Automatic;
				CURRENT_PROJECT_VERSION = 1;
				DEVELOPMENT_TEAM = NLM7SY7FHH;
				GENERATE_INFOPLIST_FILE = YES;
				MARKETING_VERSION = 1.0;
				PRODUCT_BUNDLE_IDENTIFIER = com.inez.ProjectTimelineUITests;
				PRODUCT_NAME = "$(TARGET_NAME)";
				SWIFT_EMIT_LOC_STRINGS = NO;
				SWIFT_VERSION = 5.0;
				TARGETED_DEVICE_FAMILY = "1,2";
				TEST_TARGET_NAME = ProjectTimeline;
			};
			name = Debug;
		};
		076D2B562CE4A1E50086B30B /* Release */ = {
			isa = XCBuildConfiguration;
			buildSettings = {
				CODE_SIGN_STYLE = Automatic;
				CURRENT_PROJECT_VERSION = 1;
				DEVELOPMENT_TEAM = NLM7SY7FHH;
				GENERATE_INFOPLIST_FILE = YES;
				MARKETING_VERSION = 1.0;
				PRODUCT_BUNDLE_IDENTIFIER = com.inez.ProjectTimelineUITests;
				PRODUCT_NAME = "$(TARGET_NAME)";
				SWIFT_EMIT_LOC_STRINGS = NO;
				SWIFT_VERSION = 5.0;
				TARGETED_DEVICE_FAMILY = "1,2";
				TEST_TARGET_NAME = ProjectTimeline;
			};
			name = Release;
		};
		076D2BA12CE5B3630086B30B /* Debug */ = {
			isa = XCBuildConfiguration;
			buildSettings = {
				BUILD_LIBRARY_FOR_DISTRIBUTION = YES;
				CODE_SIGN_STYLE = Automatic;
				CURRENT_PROJECT_VERSION = 1;
				DEFINES_MODULE = YES;
				DEVELOPMENT_TEAM = NLM7SY7FHH;
				DYLIB_COMPATIBILITY_VERSION = 1;
				DYLIB_CURRENT_VERSION = 1;
				DYLIB_INSTALL_NAME_BASE = "@rpath";
				ENABLE_MODULE_VERIFIER = YES;
				GENERATE_INFOPLIST_FILE = YES;
				INFOPLIST_KEY_NSHumanReadableCopyright = "";
				INSTALL_PATH = "$(LOCAL_LIBRARY_DIR)/Frameworks";
				LD_RUNPATH_SEARCH_PATHS = (
					"$(inherited)",
					"@executable_path/Frameworks",
					"@loader_path/Frameworks",
				);
				MARKETING_VERSION = 1.0;
				MODULE_VERIFIER_SUPPORTED_LANGUAGES = "objective-c objective-c++";
				MODULE_VERIFIER_SUPPORTED_LANGUAGE_STANDARDS = "gnu17 gnu++20";
				PRODUCT_BUNDLE_IDENTIFIER = com.inez.TimelineSDK;
				PRODUCT_NAME = "$(TARGET_NAME:c99extidentifier)";
				SKIP_INSTALL = YES;
				SWIFT_EMIT_LOC_STRINGS = YES;
				SWIFT_INSTALL_OBJC_HEADER = NO;
				SWIFT_VERSION = 5.0;
				TARGETED_DEVICE_FAMILY = "1,2";
				VERSIONING_SYSTEM = "apple-generic";
				VERSION_INFO_PREFIX = "";
			};
			name = Debug;
		};
		076D2BA22CE5B3630086B30B /* Release */ = {
			isa = XCBuildConfiguration;
			buildSettings = {
				BUILD_LIBRARY_FOR_DISTRIBUTION = YES;
				CODE_SIGN_STYLE = Automatic;
				CURRENT_PROJECT_VERSION = 1;
				DEFINES_MODULE = YES;
				DEVELOPMENT_TEAM = NLM7SY7FHH;
				DYLIB_COMPATIBILITY_VERSION = 1;
				DYLIB_CURRENT_VERSION = 1;
				DYLIB_INSTALL_NAME_BASE = "@rpath";
				ENABLE_MODULE_VERIFIER = YES;
				GENERATE_INFOPLIST_FILE = YES;
				INFOPLIST_KEY_NSHumanReadableCopyright = "";
				INSTALL_PATH = "$(LOCAL_LIBRARY_DIR)/Frameworks";
				LD_RUNPATH_SEARCH_PATHS = (
					"$(inherited)",
					"@executable_path/Frameworks",
					"@loader_path/Frameworks",
				);
				MARKETING_VERSION = 1.0;
				MODULE_VERIFIER_SUPPORTED_LANGUAGES = "objective-c objective-c++";
				MODULE_VERIFIER_SUPPORTED_LANGUAGE_STANDARDS = "gnu17 gnu++20";
				PRODUCT_BUNDLE_IDENTIFIER = com.inez.TimelineSDK;
				PRODUCT_NAME = "$(TARGET_NAME:c99extidentifier)";
				SKIP_INSTALL = YES;
				SWIFT_EMIT_LOC_STRINGS = YES;
				SWIFT_INSTALL_OBJC_HEADER = NO;
				SWIFT_VERSION = 5.0;
				TARGETED_DEVICE_FAMILY = "1,2";
				VERSIONING_SYSTEM = "apple-generic";
				VERSION_INFO_PREFIX = "";
			};
			name = Release;
		};
		076D2BA52CE5B3630086B30B /* Debug */ = {
			isa = XCBuildConfiguration;
			buildSettings = {
				CODE_SIGN_STYLE = Automatic;
				CURRENT_PROJECT_VERSION = 1;
				DEVELOPMENT_TEAM = NLM7SY7FHH;
				GENERATE_INFOPLIST_FILE = YES;
				MARKETING_VERSION = 1.0;
				PRODUCT_BUNDLE_IDENTIFIER = com.inez.TimelineSDKTests;
				PRODUCT_NAME = "$(TARGET_NAME)";
				SWIFT_EMIT_LOC_STRINGS = NO;
				SWIFT_VERSION = 5.0;
				TARGETED_DEVICE_FAMILY = "1,2";
				TEST_HOST = "$(BUILT_PRODUCTS_DIR)/ProjectTimeline.app/$(BUNDLE_EXECUTABLE_FOLDER_PATH)/ProjectTimeline";
			};
			name = Debug;
		};
		076D2BA62CE5B3630086B30B /* Release */ = {
			isa = XCBuildConfiguration;
			buildSettings = {
				CODE_SIGN_STYLE = Automatic;
				CURRENT_PROJECT_VERSION = 1;
				DEVELOPMENT_TEAM = NLM7SY7FHH;
				GENERATE_INFOPLIST_FILE = YES;
				MARKETING_VERSION = 1.0;
				PRODUCT_BUNDLE_IDENTIFIER = com.inez.TimelineSDKTests;
				PRODUCT_NAME = "$(TARGET_NAME)";
				SWIFT_EMIT_LOC_STRINGS = NO;
				SWIFT_VERSION = 5.0;
				TARGETED_DEVICE_FAMILY = "1,2";
				TEST_HOST = "$(BUILT_PRODUCTS_DIR)/ProjectTimeline.app/$(BUNDLE_EXECUTABLE_FOLDER_PATH)/ProjectTimeline";
			};
			name = Release;
		};
/* End XCBuildConfiguration section */

/* Begin XCConfigurationList section */
		076D2B252CE4A1E40086B30B /* Build configuration list for PBXProject "ProjectTimeline" */ = {
			isa = XCConfigurationList;
			buildConfigurations = (
				076D2B4C2CE4A1E50086B30B /* Debug */,
				076D2B4D2CE4A1E50086B30B /* Release */,
			);
			defaultConfigurationIsVisible = 0;
			defaultConfigurationName = Release;
		};
		076D2B4E2CE4A1E50086B30B /* Build configuration list for PBXNativeTarget "ProjectTimeline" */ = {
			isa = XCConfigurationList;
			buildConfigurations = (
				076D2B4F2CE4A1E50086B30B /* Debug */,
				076D2B502CE4A1E50086B30B /* Release */,
			);
			defaultConfigurationIsVisible = 0;
			defaultConfigurationName = Release;
		};
		076D2B512CE4A1E50086B30B /* Build configuration list for PBXNativeTarget "ProjectTimelineTests" */ = {
			isa = XCConfigurationList;
			buildConfigurations = (
				076D2B522CE4A1E50086B30B /* Debug */,
				076D2B532CE4A1E50086B30B /* Release */,
			);
			defaultConfigurationIsVisible = 0;
			defaultConfigurationName = Release;
		};
		076D2B542CE4A1E50086B30B /* Build configuration list for PBXNativeTarget "ProjectTimelineUITests" */ = {
			isa = XCConfigurationList;
			buildConfigurations = (
				076D2B552CE4A1E50086B30B /* Debug */,
				076D2B562CE4A1E50086B30B /* Release */,
			);
			defaultConfigurationIsVisible = 0;
			defaultConfigurationName = Release;
		};
		076D2BA02CE5B3630086B30B /* Build configuration list for PBXNativeTarget "TimelineSDK" */ = {
			isa = XCConfigurationList;
			buildConfigurations = (
				076D2BA12CE5B3630086B30B /* Debug */,
				076D2BA22CE5B3630086B30B /* Release */,
			);
			defaultConfigurationIsVisible = 0;
			defaultConfigurationName = Release;
		};
		076D2BA42CE5B3630086B30B /* Build configuration list for PBXNativeTarget "TimelineSDKTests" */ = {
			isa = XCConfigurationList;
			buildConfigurations = (
				076D2BA52CE5B3630086B30B /* Debug */,
				076D2BA62CE5B3630086B30B /* Release */,
			);
			defaultConfigurationIsVisible = 0;
			defaultConfigurationName = Release;
		};
/* End XCConfigurationList section */
	};
	rootObject = 076D2B222CE4A1E40086B30B /* Project object */;
}
